
Microsoft Visual Studio Solution File, Format Version 12.00
# Visual Studio Version 17
VisualStudioVersion = 17.0.31912.275
MinimumVisualStudioVersion = 10.0.40219.1
Project("{8BC9CEB8-8B4A-11D0-8D11-00A0C91BC942}") = "13.1", "13.1\13.1.vcxproj", "{2DFFCE67-6AD4-42BE-BF3C-7F935F2DAD5B}"
EndProject
Project("{8BC9CEB8-8B4A-11D0-8D11-00A0C91BC942}") = "UnitTest1", "UnitTest1\UnitTest1.vcxproj", "{DAE3E1D5-6E4A-4B69-B5E3-F2F87377F71E}"
EndProject
Global
	GlobalSection(SolutionConfigurationPlatforms) = preSolution
		Debug|x64 = Debug|x64
		Debug|x86 = Debug|x86
		Release|x64 = Release|x64
		Release|x86 = Release|x86
	EndGlobalSection
	GlobalSection(ProjectConfigurationPlatforms) = postSolution
		{2DFFCE67-6AD4-42BE-BF3C-7F935F2DAD5B}.Debug|x64.ActiveCfg = Debug|x64
		{2DFFCE67-6AD4-42BE-BF3C-7F935F2DAD5B}.Debug|x64.Build.0 = Debug|x64
		{2DFFCE67-6AD4-42BE-BF3C-7F935F2DAD5B}.Debug|x86.ActiveCfg = Debug|Win32
		{2DFFCE67-6AD4-42BE-BF3C-7F935F2DAD5B}.Debug|x86.Build.0 = Debug|Win32
		{2DFFCE67-6AD4-42BE-BF3C-7F935F2DAD5B}.Release|x64.ActiveCfg = Release|x64
		{2DFFCE67-6AD4-42BE-BF3C-7F935F2DAD5B}.Release|x64.Build.0 = Release|x64
		{2DFFCE67-6AD4-42BE-BF3C-7F935F2DAD5B}.Release|x86.ActiveCfg = Release|Win32
		{2DFFCE67-6AD4-42BE-BF3C-7F935F2DAD5B}.Release|x86.Build.0 = Release|Win32
		{DAE3E1D5-6E4A-4B69-B5E3-F2F87377F71E}.Debug|x64.ActiveCfg = Debug|x64
		{DAE3E1D5-6E4A-4B69-B5E3-F2F87377F71E}.Debug|x64.Build.0 = Debug|x64
		{DAE3E1D5-6E4A-4B69-B5E3-F2F87377F71E}.Debug|x86.ActiveCfg = Debug|Win32
		{DAE3E1D5-6E4A-4B69-B5E3-F2F87377F71E}.Debug|x86.Build.0 = Debug|Win32
		{DAE3E1D5-6E4A-4B69-B5E3-F2F87377F71E}.Release|x64.ActiveCfg = Release|x64
		{DAE3E1D5-6E4A-4B69-B5E3-F2F87377F71E}.Release|x64.Build.0 = Release|x64
		{DAE3E1D5-6E4A-4B69-B5E3-F2F87377F71E}.Release|x86.ActiveCfg = Release|Win32
		{DAE3E1D5-6E4A-4B69-B5E3-F2F87377F71E}.Release|x86.Build.0 = Release|Win32
	EndGlobalSection
	GlobalSection(SolutionProperties) = preSolution
		HideSolutionNode = FALSE
	EndGlobalSection
	GlobalSection(ExtensibilityGlobals) = postSolution
		SolutionGuid = {DDDB3C15-3B38-483B-8AA7-EB45F2C8598E}
	EndGlobalSection
EndGlobal
